// !$*UTF8*$!
{
	archiveVersion = 1;
	classes = {
	};
	objectVersion = 50;
	objects = {

/* Begin PBXBuildFile section */
		163231EF174D2D44458E1CC0 /* libPods-JSToolLibrary.a in Frameworks */ = {isa = PBXBuildFile; fileRef = 7DFBA59C3CF0BA75E0F088D4 /* libPods-JSToolLibrary.a */; };
		BF3E194F224B712000403A4C /* UIImage+Generate.m in Sources */ = {isa = PBXBuildFile; fileRef = BF3E1947224B712000403A4C /* UIImage+Generate.m */; };
		BF3E1950224B712000403A4C /* UIImage+Gif.m in Sources */ = {isa = PBXBuildFile; fileRef = BF3E194A224B712000403A4C /* UIImage+Gif.m */; };
		BF3E1951224B712000403A4C /* UIImage+Rotate.m in Sources */ = {isa = PBXBuildFile; fileRef = BF3E194C224B712000403A4C /* UIImage+Rotate.m */; };
		BF3E1952224B712000403A4C /* UIImage+Color.m in Sources */ = {isa = PBXBuildFile; fileRef = BF3E194D224B712000403A4C /* UIImage+Color.m */; };
		BFFE6BBF2189A30F00E4AA00 /* AppDelegate.m in Sources */ = {isa = PBXBuildFile; fileRef = BFFE6BBE2189A30F00E4AA00 /* AppDelegate.m */; };
		BFFE6BC22189A30F00E4AA00 /* ViewController.m in Sources */ = {isa = PBXBuildFile; fileRef = BFFE6BC12189A30F00E4AA00 /* ViewController.m */; };
		BFFE6BC52189A30F00E4AA00 /* Main.storyboard in Resources */ = {isa = PBXBuildFile; fileRef = BFFE6BC32189A30F00E4AA00 /* Main.storyboard */; };
		BFFE6BCA2189A31100E4AA00 /* Assets.xcassets in Resources */ = {isa = PBXBuildFile; fileRef = BFFE6BC92189A31100E4AA00 /* Assets.xcassets */; };
		BFFE6BCD2189A31100E4AA00 /* LaunchScreen.storyboard in Resources */ = {isa = PBXBuildFile; fileRef = BFFE6BCB2189A31100E4AA00 /* LaunchScreen.storyboard */; };
		BFFE6BD02189A31100E4AA00 /* main.m in Sources */ = {isa = PBXBuildFile; fileRef = BFFE6BCF2189A31100E4AA00 /* main.m */; };
		BFFE6BDA2189A31100E4AA00 /* JSToolLibraryTests.m in Sources */ = {isa = PBXBuildFile; fileRef = BFFE6BD92189A31100E4AA00 /* JSToolLibraryTests.m */; };
		BFFE6BE52189A31200E4AA00 /* JSToolLibraryUITests.m in Sources */ = {isa = PBXBuildFile; fileRef = BFFE6BE42189A31200E4AA00 /* JSToolLibraryUITests.m */; };
		DF91223FB9CCDFA61D0AE955 /* libPods-JSToolLibraryTests.a in Frameworks */ = {isa = PBXBuildFile; fileRef = 0634D8A5BC323DDFF73F1C66 /* libPods-JSToolLibraryTests.a */; };
/* End PBXBuildFile section */

/* Begin PBXContainerItemProxy section */
		BFFE6BD62189A31100E4AA00 /* PBXContainerItemProxy */ = {
			isa = PBXContainerItemProxy;
			containerPortal = BFFE6BB22189A30F00E4AA00 /* Project object */;
			proxyType = 1;
			remoteGlobalIDString = BFFE6BB92189A30F00E4AA00;
			remoteInfo = JSToolLibrary;
		};
		BFFE6BE12189A31200E4AA00 /* PBXContainerItemProxy */ = {
			isa = PBXContainerItemProxy;
			containerPortal = BFFE6BB22189A30F00E4AA00 /* Project object */;
			proxyType = 1;
			remoteGlobalIDString = BFFE6BB92189A30F00E4AA00;
			remoteInfo = JSToolLibrary;
		};
/* End PBXContainerItemProxy section */

/* Begin PBXFileReference section */
		0634D8A5BC323DDFF73F1C66 /* libPods-JSToolLibraryTests.a */ = {isa = PBXFileReference; explicitFileType = archive.ar; includeInIndex = 0; path = "libPods-JSToolLibraryTests.a"; sourceTree = BUILT_PRODUCTS_DIR; };
		38E1DB452DCB325B07A20383 /* Pods-JSToolLibraryTests.release.xcconfig */ = {isa = PBXFileReference; includeInIndex = 1; lastKnownFileType = text.xcconfig; name = "Pods-JSToolLibraryTests.release.xcconfig"; path = "Pods/Target Support Files/Pods-JSToolLibraryTests/Pods-JSToolLibraryTests.release.xcconfig"; sourceTree = "<group>"; };
		3FCEC9D17A09201E7394CD46 /* Pods-JSToolLibrary.debug.xcconfig */ = {isa = PBXFileReference; includeInIndex = 1; lastKnownFileType = text.xcconfig; name = "Pods-JSToolLibrary.debug.xcconfig"; path = "Pods/Target Support Files/Pods-JSToolLibrary/Pods-JSToolLibrary.debug.xcconfig"; sourceTree = "<group>"; };
		4EF18A9DF6A90024E1B8ACAD /* Pods-JSToolLibraryTests.debug.xcconfig */ = {isa = PBXFileReference; includeInIndex = 1; lastKnownFileType = text.xcconfig; name = "Pods-JSToolLibraryTests.debug.xcconfig"; path = "Pods/Target Support Files/Pods-JSToolLibraryTests/Pods-JSToolLibraryTests.debug.xcconfig"; sourceTree = "<group>"; };
		7DFBA59C3CF0BA75E0F088D4 /* libPods-JSToolLibrary.a */ = {isa = PBXFileReference; explicitFileType = archive.ar; includeInIndex = 0; path = "libPods-JSToolLibrary.a"; sourceTree = BUILT_PRODUCTS_DIR; };
		BF3E1947224B712000403A4C /* UIImage+Generate.m */ = {isa = PBXFileReference; fileEncoding = 4; lastKnownFileType = sourcecode.c.objc; path = "UIImage+Generate.m"; sourceTree = "<group>"; };
		BF3E1948224B712000403A4C /* UIImage+Color.h */ = {isa = PBXFileReference; fileEncoding = 4; lastKnownFileType = sourcecode.c.h; path = "UIImage+Color.h"; sourceTree = "<group>"; };
		BF3E1949224B712000403A4C /* UIImage+Rotate.h */ = {isa = PBXFileReference; fileEncoding = 4; lastKnownFileType = sourcecode.c.h; path = "UIImage+Rotate.h"; sourceTree = "<group>"; };
		BF3E194A224B712000403A4C /* UIImage+Gif.m */ = {isa = PBXFileReference; fileEncoding = 4; lastKnownFileType = sourcecode.c.objc; path = "UIImage+Gif.m"; sourceTree = "<group>"; };
		BF3E194B224B712000403A4C /* UIImage+Generate.h */ = {isa = PBXFileReference; fileEncoding = 4; lastKnownFileType = sourcecode.c.h; path = "UIImage+Generate.h"; sourceTree = "<group>"; };
		BF3E194C224B712000403A4C /* UIImage+Rotate.m */ = {isa = PBXFileReference; fileEncoding = 4; lastKnownFileType = sourcecode.c.objc; path = "UIImage+Rotate.m"; sourceTree = "<group>"; };
		BF3E194D224B712000403A4C /* UIImage+Color.m */ = {isa = PBXFileReference; fileEncoding = 4; lastKnownFileType = sourcecode.c.objc; path = "UIImage+Color.m"; sourceTree = "<group>"; };
		BF3E194E224B712000403A4C /* UIImage+Gif.h */ = {isa = PBXFileReference; fileEncoding = 4; lastKnownFileType = sourcecode.c.h; path = "UIImage+Gif.h"; sourceTree = "<group>"; };
		BFFE6BBA2189A30F00E4AA00 /* JSToolLibrary.app */ = {isa = PBXFileReference; explicitFileType = wrapper.application; includeInIndex = 0; path = JSToolLibrary.app; sourceTree = BUILT_PRODUCTS_DIR; };
		BFFE6BBD2189A30F00E4AA00 /* AppDelegate.h */ = {isa = PBXFileReference; lastKnownFileType = sourcecode.c.h; path = AppDelegate.h; sourceTree = "<group>"; };
		BFFE6BBE2189A30F00E4AA00 /* AppDelegate.m */ = {isa = PBXFileReference; lastKnownFileType = sourcecode.c.objc; path = AppDelegate.m; sourceTree = "<group>"; };
		BFFE6BC02189A30F00E4AA00 /* ViewController.h */ = {isa = PBXFileReference; lastKnownFileType = sourcecode.c.h; path = ViewController.h; sourceTree = "<group>"; };
		BFFE6BC12189A30F00E4AA00 /* ViewController.m */ = {isa = PBXFileReference; lastKnownFileType = sourcecode.c.objc; path = ViewController.m; sourceTree = "<group>"; };
		BFFE6BC42189A30F00E4AA00 /* Base */ = {isa = PBXFileReference; lastKnownFileType = file.storyboard; name = Base; path = Base.lproj/Main.storyboard; sourceTree = "<group>"; };
		BFFE6BC92189A31100E4AA00 /* Assets.xcassets */ = {isa = PBXFileReference; lastKnownFileType = folder.assetcatalog; path = Assets.xcassets; sourceTree = "<group>"; };
		BFFE6BCC2189A31100E4AA00 /* Base */ = {isa = PBXFileReference; lastKnownFileType = file.storyboard; name = Base; path = Base.lproj/LaunchScreen.storyboard; sourceTree = "<group>"; };
		BFFE6BCE2189A31100E4AA00 /* Info.plist */ = {isa = PBXFileReference; lastKnownFileType = text.plist.xml; path = Info.plist; sourceTree = "<group>"; };
		BFFE6BCF2189A31100E4AA00 /* main.m */ = {isa = PBXFileReference; lastKnownFileType = sourcecode.c.objc; path = main.m; sourceTree = "<group>"; };
		BFFE6BD52189A31100E4AA00 /* JSToolLibraryTests.xctest */ = {isa = PBXFileReference; explicitFileType = wrapper.cfbundle; includeInIndex = 0; path = JSToolLibraryTests.xctest; sourceTree = BUILT_PRODUCTS_DIR; };
		BFFE6BD92189A31100E4AA00 /* JSToolLibraryTests.m */ = {isa = PBXFileReference; lastKnownFileType = sourcecode.c.objc; path = JSToolLibraryTests.m; sourceTree = "<group>"; };
		BFFE6BDB2189A31100E4AA00 /* Info.plist */ = {isa = PBXFileReference; lastKnownFileType = text.plist.xml; path = Info.plist; sourceTree = "<group>"; };
		BFFE6BE02189A31200E4AA00 /* JSToolLibraryUITests.xctest */ = {isa = PBXFileReference; explicitFileType = wrapper.cfbundle; includeInIndex = 0; path = JSToolLibraryUITests.xctest; sourceTree = BUILT_PRODUCTS_DIR; };
		BFFE6BE42189A31200E4AA00 /* JSToolLibraryUITests.m */ = {isa = PBXFileReference; lastKnownFileType = sourcecode.c.objc; path = JSToolLibraryUITests.m; sourceTree = "<group>"; };
		BFFE6BE62189A31200E4AA00 /* Info.plist */ = {isa = PBXFileReference; lastKnownFileType = text.plist.xml; path = Info.plist; sourceTree = "<group>"; };
		F0F48F94E58EB9843C8D66B2 /* Pods-JSToolLibrary.release.xcconfig */ = {isa = PBXFileReference; includeInIndex = 1; lastKnownFileType = text.xcconfig; name = "Pods-JSToolLibrary.release.xcconfig"; path = "Pods/Target Support Files/Pods-JSToolLibrary/Pods-JSToolLibrary.release.xcconfig"; sourceTree = "<group>"; };
/* End PBXFileReference section */

/* Begin PBXFrameworksBuildPhase section */
		BFFE6BB72189A30F00E4AA00 /* Frameworks */ = {
			isa = PBXFrameworksBuildPhase;
			buildActionMask = 2147483647;
			files = (
				163231EF174D2D44458E1CC0 /* libPods-JSToolLibrary.a in Frameworks */,
			);
			runOnlyForDeploymentPostprocessing = 0;
		};
		BFFE6BD22189A31100E4AA00 /* Frameworks */ = {
			isa = PBXFrameworksBuildPhase;
			buildActionMask = 2147483647;
			files = (
				DF91223FB9CCDFA61D0AE955 /* libPods-JSToolLibraryTests.a in Frameworks */,
			);
			runOnlyForDeploymentPostprocessing = 0;
		};
		BFFE6BDD2189A31200E4AA00 /* Frameworks */ = {
			isa = PBXFrameworksBuildPhase;
			buildActionMask = 2147483647;
			files = (
			);
			runOnlyForDeploymentPostprocessing = 0;
		};
/* End PBXFrameworksBuildPhase section */

/* Begin PBXGroup section */
		A4C276E7004D9D5318FDE606 /* Frameworks */ = {
			isa = PBXGroup;
			children = (
				7DFBA59C3CF0BA75E0F088D4 /* libPods-JSToolLibrary.a */,
				0634D8A5BC323DDFF73F1C66 /* libPods-JSToolLibraryTests.a */,
			);
			name = Frameworks;
			sourceTree = "<group>";
		};
		BF3E1946224B712000403A4C /* Image_Category */ = {
			isa = PBXGroup;
			children = (
				BF3E1948224B712000403A4C /* UIImage+Color.h */,
				BF3E194D224B712000403A4C /* UIImage+Color.m */,
				BF3E1949224B712000403A4C /* UIImage+Rotate.h */,
				BF3E194C224B712000403A4C /* UIImage+Rotate.m */,
				BF3E194B224B712000403A4C /* UIImage+Generate.h */,
				BF3E1947224B712000403A4C /* UIImage+Generate.m */,
				BF3E194E224B712000403A4C /* UIImage+Gif.h */,
				BF3E194A224B712000403A4C /* UIImage+Gif.m */,
			);
			path = Image_Category;
			sourceTree = "<group>";
		};
		BFFE6BB12189A30F00E4AA00 = {
			isa = PBXGroup;
			children = (
				BFFE6BBC2189A30F00E4AA00 /* JSToolLibrary */,
				BFFE6BD82189A31100E4AA00 /* JSToolLibraryTests */,
				BFFE6BE32189A31200E4AA00 /* JSToolLibraryUITests */,
				BFFE6BBB2189A30F00E4AA00 /* Products */,
				EF811B17C6FBBADC61BBA39B /* Pods */,
				A4C276E7004D9D5318FDE606 /* Frameworks */,
			);
			sourceTree = "<group>";
		};
		BFFE6BBB2189A30F00E4AA00 /* Products */ = {
			isa = PBXGroup;
			children = (
				BFFE6BBA2189A30F00E4AA00 /* JSToolLibrary.app */,
				BFFE6BD52189A31100E4AA00 /* JSToolLibraryTests.xctest */,
				BFFE6BE02189A31200E4AA00 /* JSToolLibraryUITests.xctest */,
			);
			name = Products;
			sourceTree = "<group>";
		};
		BFFE6BBC2189A30F00E4AA00 /* JSToolLibrary */ = {
			isa = PBXGroup;
			children = (
				BFFE6BF22189A37300E4AA00 /* JSCategory */,
				BFFE6BBD2189A30F00E4AA00 /* AppDelegate.h */,
				BFFE6BBE2189A30F00E4AA00 /* AppDelegate.m */,
				BFFE6BC02189A30F00E4AA00 /* ViewController.h */,
				BFFE6BC12189A30F00E4AA00 /* ViewController.m */,
				BFFE6BC32189A30F00E4AA00 /* Main.storyboard */,
				BFFE6BC92189A31100E4AA00 /* Assets.xcassets */,
				BFFE6BCB2189A31100E4AA00 /* LaunchScreen.storyboard */,
				BFFE6BCE2189A31100E4AA00 /* Info.plist */,
				BFFE6BCF2189A31100E4AA00 /* main.m */,
			);
			path = JSToolLibrary;
			sourceTree = "<group>";
		};
		BFFE6BD82189A31100E4AA00 /* JSToolLibraryTests */ = {
			isa = PBXGroup;
			children = (
				BFFE6BD92189A31100E4AA00 /* JSToolLibraryTests.m */,
				BFFE6BDB2189A31100E4AA00 /* Info.plist */,
			);
			path = JSToolLibraryTests;
			sourceTree = "<group>";
		};
		BFFE6BE32189A31200E4AA00 /* JSToolLibraryUITests */ = {
			isa = PBXGroup;
			children = (
				BFFE6BE42189A31200E4AA00 /* JSToolLibraryUITests.m */,
				BFFE6BE62189A31200E4AA00 /* Info.plist */,
			);
			path = JSToolLibraryUITests;
			sourceTree = "<group>";
		};
		BFFE6BF22189A37300E4AA00 /* JSCategory */ = {
			isa = PBXGroup;
			children = (
				BF3E1946224B712000403A4C /* Image_Category */,
			);
			path = JSCategory;
			sourceTree = "<group>";
		};
		EF811B17C6FBBADC61BBA39B /* Pods */ = {
			isa = PBXGroup;
			children = (
				3FCEC9D17A09201E7394CD46 /* Pods-JSToolLibrary.debug.xcconfig */,
				F0F48F94E58EB9843C8D66B2 /* Pods-JSToolLibrary.release.xcconfig */,
				4EF18A9DF6A90024E1B8ACAD /* Pods-JSToolLibraryTests.debug.xcconfig */,
				38E1DB452DCB325B07A20383 /* Pods-JSToolLibraryTests.release.xcconfig */,
			);
			name = Pods;
			sourceTree = "<group>";
		};
/* End PBXGroup section */

/* Begin PBXNativeTarget section */
		BFFE6BB92189A30F00E4AA00 /* JSToolLibrary */ = {
			isa = PBXNativeTarget;
			buildConfigurationList = BFFE6BE92189A31200E4AA00 /* Build configuration list for PBXNativeTarget "JSToolLibrary" */;
			buildPhases = (
				677203A3EC45C08291EEE9A6 /* [CP] Check Pods Manifest.lock */,
				BFFE6BB62189A30F00E4AA00 /* Sources */,
				BFFE6BB72189A30F00E4AA00 /* Frameworks */,
				BFFE6BB82189A30F00E4AA00 /* Resources */,
			);
			buildRules = (
			);
			dependencies = (
			);
			name = JSToolLibrary;
			productName = JSToolLibrary;
			productReference = BFFE6BBA2189A30F00E4AA00 /* JSToolLibrary.app */;
			productType = "com.apple.product-type.application";
		};
		BFFE6BD42189A31100E4AA00 /* JSToolLibraryTests */ = {
			isa = PBXNativeTarget;
			buildConfigurationList = BFFE6BEC2189A31200E4AA00 /* Build configuration list for PBXNativeTarget "JSToolLibraryTests" */;
			buildPhases = (
				4479AC5C355CE30C31AF939E /* [CP] Check Pods Manifest.lock */,
				BFFE6BD12189A31100E4AA00 /* Sources */,
				BFFE6BD22189A31100E4AA00 /* Frameworks */,
				BFFE6BD32189A31100E4AA00 /* Resources */,
			);
			buildRules = (
			);
			dependencies = (
				BFFE6BD72189A31100E4AA00 /* PBXTargetDependency */,
			);
			name = JSToolLibraryTests;
			productName = JSToolLibraryTests;
			productReference = BFFE6BD52189A31100E4AA00 /* JSToolLibraryTests.xctest */;
			productType = "com.apple.product-type.bundle.unit-test";
		};
		BFFE6BDF2189A31200E4AA00 /* JSToolLibraryUITests */ = {
			isa = PBXNativeTarget;
			buildConfigurationList = BFFE6BEF2189A31200E4AA00 /* Build configuration list for PBXNativeTarget "JSToolLibraryUITests" */;
			buildPhases = (
				BFFE6BDC2189A31200E4AA00 /* Sources */,
				BFFE6BDD2189A31200E4AA00 /* Frameworks */,
				BFFE6BDE2189A31200E4AA00 /* Resources */,
			);
			buildRules = (
			);
			dependencies = (
				BFFE6BE22189A31200E4AA00 /* PBXTargetDependency */,
			);
			name = JSToolLibraryUITests;
			productName = JSToolLibraryUITests;
			productReference = BFFE6BE02189A31200E4AA00 /* JSToolLibraryUITests.xctest */;
			productType = "com.apple.product-type.bundle.ui-testing";
		};
/* End PBXNativeTarget section */

/* Begin PBXProject section */
		BFFE6BB22189A30F00E4AA00 /* Project object */ = {
			isa = PBXProject;
			attributes = {
				LastUpgradeCheck = 1000;
				ORGANIZATIONNAME = shijiyuan;
				TargetAttributes = {
					BFFE6BB92189A30F00E4AA00 = {
						CreatedOnToolsVersion = 10.0;
					};
					BFFE6BD42189A31100E4AA00 = {
						CreatedOnToolsVersion = 10.0;
						TestTargetID = BFFE6BB92189A30F00E4AA00;
					};
					BFFE6BDF2189A31200E4AA00 = {
						CreatedOnToolsVersion = 10.0;
						TestTargetID = BFFE6BB92189A30F00E4AA00;
					};
				};
			};
			buildConfigurationList = BFFE6BB52189A30F00E4AA00 /* Build configuration list for PBXProject "JSToolLibrary" */;
			compatibilityVersion = "Xcode 9.3";
			developmentRegion = en;
			hasScannedForEncodings = 0;
			knownRegions = (
				en,
				Base,
			);
			mainGroup = BFFE6BB12189A30F00E4AA00;
			productRefGroup = BFFE6BBB2189A30F00E4AA00 /* Products */;
			projectDirPath = "";
			projectRoot = "";
			targets = (
				BFFE6BB92189A30F00E4AA00 /* JSToolLibrary */,
				BFFE6BD42189A31100E4AA00 /* JSToolLibraryTests */,
				BFFE6BDF2189A31200E4AA00 /* JSToolLibraryUITests */,
			);
		};
/* End PBXProject section */

/* Begin PBXResourcesBuildPhase section */
		BFFE6BB82189A30F00E4AA00 /* Resources */ = {
			isa = PBXResourcesBuildPhase;
			buildActionMask = 2147483647;
			files = (
				BFFE6BCD2189A31100E4AA00 /* LaunchScreen.storyboard in Resources */,
				BFFE6BCA2189A31100E4AA00 /* Assets.xcassets in Resources */,
				BFFE6BC52189A30F00E4AA00 /* Main.storyboard in Resources */,
			);
			runOnlyForDeploymentPostprocessing = 0;
		};
		BFFE6BD32189A31100E4AA00 /* Resources */ = {
			isa = PBXResourcesBuildPhase;
			buildActionMask = 2147483647;
			files = (
			);
			runOnlyForDeploymentPostprocessing = 0;
		};
		BFFE6BDE2189A31200E4AA00 /* Resources */ = {
			isa = PBXResourcesBuildPhase;
			buildActionMask = 2147483647;
			files = (
			);
			runOnlyForDeploymentPostprocessing = 0;
		};
/* End PBXResourcesBuildPhase section */

/* Begin PBXShellScriptBuildPhase section */
		4479AC5C355CE30C31AF939E /* [CP] Check Pods Manifest.lock */ = {
			isa = PBXShellScriptBuildPhase;
			buildActionMask = 2147483647;
			files = (
			);
			inputPaths = (
				"${PODS_PODFILE_DIR_PATH}/Podfile.lock",
				"${PODS_ROOT}/Manifest.lock",
			);
			name = "[CP] Check Pods Manifest.lock";
			outputPaths = (
				"$(DERIVED_FILE_DIR)/Pods-JSToolLibraryTests-checkManifestLockResult.txt",
			);
			runOnlyForDeploymentPostprocessing = 0;
			shellPath = /bin/sh;
			shellScript = "diff \"${PODS_PODFILE_DIR_PATH}/Podfile.lock\" \"${PODS_ROOT}/Manifest.lock\" > /dev/null\nif [ $? != 0 ] ; then\n    # print error to STDERR\n    echo \"error: The sandbox is not in sync with the Podfile.lock. Run 'pod install' or update your CocoaPods installation.\" >&2\n    exit 1\nfi\n# This output is used by Xcode 'outputs' to avoid re-running this script phase.\necho \"SUCCESS\" > \"${SCRIPT_OUTPUT_FILE_0}\"\n";
			showEnvVarsInLog = 0;
		};
		677203A3EC45C08291EEE9A6 /* [CP] Check Pods Manifest.lock */ = {
			isa = PBXShellScriptBuildPhase;
			buildActionMask = 2147483647;
			files = (
			);
			inputPaths = (
				"${PODS_PODFILE_DIR_PATH}/Podfile.lock",
				"${PODS_ROOT}/Manifest.lock",
			);
			name = "[CP] Check Pods Manifest.lock";
			outputPaths = (
				"$(DERIVED_FILE_DIR)/Pods-JSToolLibrary-checkManifestLockResult.txt",
			);
			runOnlyForDeploymentPostprocessing = 0;
			shellPath = /bin/sh;
			shellScript = "diff \"${PODS_PODFILE_DIR_PATH}/Podfile.lock\" \"${PODS_ROOT}/Manifest.lock\" > /dev/null\nif [ $? != 0 ] ; then\n    # print error to STDERR\n    echo \"error: The sandbox is not in sync with the Podfile.lock. Run 'pod install' or update your CocoaPods installation.\" >&2\n    exit 1\nfi\n# This output is used by Xcode 'outputs' to avoid re-running this script phase.\necho \"SUCCESS\" > \"${SCRIPT_OUTPUT_FILE_0}\"\n";
			showEnvVarsInLog = 0;
		};
/* End PBXShellScriptBuildPhase section */

/* Begin PBXSourcesBuildPhase section */
		BFFE6BB62189A30F00E4AA00 /* Sources */ = {
			isa = PBXSourcesBuildPhase;
			buildActionMask = 2147483647;
			files = (
				BFFE6BC22189A30F00E4AA00 /* ViewController.m in Sources */,
				BFFE6BBF2189A30F00E4AA00 /* AppDelegate.m in Sources */,
				BF3E1950224B712000403A4C /* UIImage+Gif.m in Sources */,
				BFFE6BD02189A31100E4AA00 /* main.m in Sources */,
				BF3E194F224B712000403A4C /* UIImage+Generate.m in Sources */,
				BF3E1952224B712000403A4C /* UIImage+Color.m in Sources */,
				BF3E1951224B712000403A4C /* UIImage+Rotate.m in Sources */,
			);
			runOnlyForDeploymentPostprocessing = 0;
		};
		BFFE6BD12189A31100E4AA00 /* Sources */ = {
			isa = PBXSourcesBuildPhase;
			buildActionMask = 2147483647;
			files = (
				BFFE6BDA2189A31100E4AA00 /* JSToolLibraryTests.m in Sources */,
			);
			runOnlyForDeploymentPostprocessing = 0;
		};
		BFFE6BDC2189A31200E4AA00 /* Sources */ = {
			isa = PBXSourcesBuildPhase;
			buildActionMask = 2147483647;
			files = (
				BFFE6BE52189A31200E4AA00 /* JSToolLibraryUITests.m in Sources */,
			);
			runOnlyForDeploymentPostprocessing = 0;
		};
/* End PBXSourcesBuildPhase section */

/* Begin PBXTargetDependency section */
		BFFE6BD72189A31100E4AA00 /* PBXTargetDependency */ = {
			isa = PBXTargetDependency;
			target = BFFE6BB92189A30F00E4AA00 /* JSToolLibrary */;
			targetProxy = BFFE6BD62189A31100E4AA00 /* PBXContainerItemProxy */;
		};
		BFFE6BE22189A31200E4AA00 /* PBXTargetDependency */ = {
			isa = PBXTargetDependency;
			target = BFFE6BB92189A30F00E4AA00 /* JSToolLibrary */;
			targetProxy = BFFE6BE12189A31200E4AA00 /* PBXContainerItemProxy */;
		};
/* End PBXTargetDependency section */

/* Begin PBXVariantGroup section */
		BFFE6BC32189A30F00E4AA00 /* Main.storyboard */ = {
			isa = PBXVariantGroup;
			children = (
				BFFE6BC42189A30F00E4AA00 /* Base */,
			);
			name = Main.storyboard;
			sourceTree = "<group>";
		};
		BFFE6BCB2189A31100E4AA00 /* LaunchScreen.storyboard */ = {
			isa = PBXVariantGroup;
			children = (
				BFFE6BCC2189A31100E4AA00 /* Base */,
			);
			name = LaunchScreen.storyboard;
			sourceTree = "<group>";
		};
/* End PBXVariantGroup section */

/* Begin XCBuildConfiguration section */
		BFFE6BE72189A31200E4AA00 /* Debug */ = {
			isa = XCBuildConfiguration;
			buildSettings = {
				ALWAYS_SEARCH_USER_PATHS = NO;
				CLANG_ANALYZER_NONNULL = YES;
				CLANG_ANALYZER_NUMBER_OBJECT_CONVERSION = YES_AGGRESSIVE;
				CLANG_CXX_LANGUAGE_STANDARD = "gnu++14";
				CLANG_CXX_LIBRARY = "libc++";
				CLANG_ENABLE_MODULES = YES;
				CLANG_ENABLE_OBJC_ARC = YES;
				CLANG_ENABLE_OBJC_WEAK = YES;
				CLANG_WARN_BLOCK_CAPTURE_AUTORELEASING = YES;
				CLANG_WARN_BOOL_CONVERSION = YES;
				CLANG_WARN_COMMA = YES;
				CLANG_WARN_CONSTANT_CONVERSION = YES;
				CLANG_WARN_DEPRECATED_OBJC_IMPLEMENTATIONS = YES;
				CLANG_WARN_DIRECT_OBJC_ISA_USAGE = YES_ERROR;
				CLANG_WARN_DOCUMENTATION_COMMENTS = YES;
				CLANG_WARN_EMPTY_BODY = YES;
				CLANG_WARN_ENUM_CONVERSION = YES;
				CLANG_WARN_INFINITE_RECURSION = YES;
				CLANG_WARN_INT_CONVERSION = YES;
				CLANG_WARN_NON_LITERAL_NULL_CONVERSION = YES;
				CLANG_WARN_OBJC_IMPLICIT_RETAIN_SELF = YES;
				CLANG_WARN_OBJC_LITERAL_CONVERSION = YES;
				CLANG_WARN_OBJC_ROOT_CLASS = YES_ERROR;
				CLANG_WARN_RANGE_LOOP_ANALYSIS = YES;
				CLANG_WARN_STRICT_PROTOTYPES = YES;
				CLANG_WARN_SUSPICIOUS_MOVE = YES;
				CLANG_WARN_UNGUARDED_AVAILABILITY = YES_AGGRESSIVE;
				CLANG_WARN_UNREACHABLE_CODE = YES;
				CLANG_WARN__DUPLICATE_METHOD_MATCH = YES;
				CODE_SIGN_IDENTITY = "iPhone Developer";
				COPY_PHASE_STRIP = NO;
				DEBUG_INFORMATION_FORMAT = dwarf;
				ENABLE_STRICT_OBJC_MSGSEND = YES;
				ENABLE_TESTABILITY = YES;
				GCC_C_LANGUAGE_STANDARD = gnu11;
				GCC_DYNAMIC_NO_PIC = NO;
				GCC_NO_COMMON_BLOCKS = YES;
				GCC_OPTIMIZATION_LEVEL = 0;
				GCC_PREPROCESSOR_DEFINITIONS = (
					"DEBUG=1",
					"$(inherited)",
				);
				GCC_WARN_64_TO_32_BIT_CONVERSION = YES;
				GCC_WARN_ABOUT_RETURN_TYPE = YES_ERROR;
				GCC_WARN_UNDECLARED_SELECTOR = YES;
				GCC_WARN_UNINITIALIZED_AUTOS = YES_AGGRESSIVE;
				GCC_WARN_UNUSED_FUNCTION = YES;
				GCC_WARN_UNUSED_VARIABLE = YES;
				IPHONEOS_DEPLOYMENT_TARGET = 12.0;
				MTL_ENABLE_DEBUG_INFO = INCLUDE_SOURCE;
				MTL_FAST_MATH = YES;
				ONLY_ACTIVE_ARCH = YES;
				SDKROOT = iphoneos;
			};
			name = Debug;
		};
		BFFE6BE82189A31200E4AA00 /* Release */ = {
			isa = XCBuildConfiguration;
			buildSettings = {
				ALWAYS_SEARCH_USER_PATHS = NO;
				CLANG_ANALYZER_NONNULL = YES;
				CLANG_ANALYZER_NUMBER_OBJECT_CONVERSION = YES_AGGRESSIVE;
				CLANG_CXX_LANGUAGE_STANDARD = "gnu++14";
				CLANG_CXX_LIBRARY = "libc++";
				CLANG_ENABLE_MODULES = YES;
				CLANG_ENABLE_OBJC_ARC = YES;
				CLANG_ENABLE_OBJC_WEAK = YES;
				CLANG_WARN_BLOCK_CAPTURE_AUTORELEASING = YES;
				CLANG_WARN_BOOL_CONVERSION = YES;
				CLANG_WARN_COMMA = YES;
				CLANG_WARN_CONSTANT_CONVERSION = YES;
				CLANG_WARN_DEPRECATED_OBJC_IMPLEMENTATIONS = YES;
				CLANG_WARN_DIRECT_OBJC_ISA_USAGE = YES_ERROR;
				CLANG_WARN_DOCUMENTATION_COMMENTS = YES;
				CLANG_WARN_EMPTY_BODY = YES;
				CLANG_WARN_ENUM_CONVERSION = YES;
				CLANG_WARN_INFINITE_RECURSION = YES;
				CLANG_WARN_INT_CONVERSION = YES;
				CLANG_WARN_NON_LITERAL_NULL_CONVERSION = YES;
				CLANG_WARN_OBJC_IMPLICIT_RETAIN_SELF = YES;
				CLANG_WARN_OBJC_LITERAL_CONVERSION = YES;
				CLANG_WARN_OBJC_ROOT_CLASS = YES_ERROR;
				CLANG_WARN_RANGE_LOOP_ANALYSIS = YES;
				CLANG_WARN_STRICT_PROTOTYPES = YES;
				CLANG_WARN_SUSPICIOUS_MOVE = YES;
				CLANG_WARN_UNGUARDED_AVAILABILITY = YES_AGGRESSIVE;
				CLANG_WARN_UNREACHABLE_CODE = YES;
				CLANG_WARN__DUPLICATE_METHOD_MATCH = YES;
				CODE_SIGN_IDENTITY = "iPhone Developer";
				COPY_PHASE_STRIP = NO;
				DEBUG_INFORMATION_FORMAT = "dwarf-with-dsym";
				ENABLE_NS_ASSERTIONS = NO;
				ENABLE_STRICT_OBJC_MSGSEND = YES;
				GCC_C_LANGUAGE_STANDARD = gnu11;
				GCC_NO_COMMON_BLOCKS = YES;
				GCC_WARN_64_TO_32_BIT_CONVERSION = YES;
				GCC_WARN_ABOUT_RETURN_TYPE = YES_ERROR;
				GCC_WARN_UNDECLARED_SELECTOR = YES;
				GCC_WARN_UNINITIALIZED_AUTOS = YES_AGGRESSIVE;
				GCC_WARN_UNUSED_FUNCTION = YES;
				GCC_WARN_UNUSED_VARIABLE = YES;
				IPHONEOS_DEPLOYMENT_TARGET = 12.0;
				MTL_ENABLE_DEBUG_INFO = NO;
				MTL_FAST_MATH = YES;
				SDKROOT = iphoneos;
				VALIDATE_PRODUCT = YES;
			};
			name = Release;
		};
		BFFE6BEA2189A31200E4AA00 /* Debug */ = {
			isa = XCBuildConfiguration;
			baseConfigurationReference = 3FCEC9D17A09201E7394CD46 /* Pods-JSToolLibrary.debug.xcconfig */;
			buildSettings = {
				ASSETCATALOG_COMPILER_APPICON_NAME = AppIcon;
				CODE_SIGN_STYLE = Automatic;
				INFOPLIST_FILE = JSToolLibrary/Info.plist;
				LD_RUNPATH_SEARCH_PATHS = (
					"$(inherited)",
					"@executable_path/Frameworks",
				);
				PRODUCT_BUNDLE_IDENTIFIER = com.shijiyuan.JSToolLibrary;
				PRODUCT_NAME = "$(TARGET_NAME)";
				TARGETED_DEVICE_FAMILY = "1,2";
			};
			name = Debug;
		};
		BFFE6BEB2189A31200E4AA00 /* Release */ = {
			isa = XCBuildConfiguration;
			baseConfigurationReference = F0F48F94E58EB9843C8D66B2 /* Pods-JSToolLibrary.release.xcconfig */;
			buildSettings = {
				ASSETCATALOG_COMPILER_APPICON_NAME = AppIcon;
				CODE_SIGN_STYLE = Automatic;
				INFOPLIST_FILE = JSToolLibrary/Info.plist;
				LD_RUNPATH_SEARCH_PATHS = (
					"$(inherited)",
					"@executable_path/Frameworks",
				);
				PRODUCT_BUNDLE_IDENTIFIER = com.shijiyuan.JSToolLibrary;
				PRODUCT_NAME = "$(TARGET_NAME)";
				TARGETED_DEVICE_FAMILY = "1,2";
			};
			name = Release;
		};
		BFFE6BED2189A31200E4AA00 /* Debug */ = {
			isa = XCBuildConfiguration;
			baseConfigurationReference = 4EF18A9DF6A90024E1B8ACAD /* Pods-JSToolLibraryTests.debug.xcconfig */;
			buildSettings = {
				BUNDLE_LOADER = "$(TEST_HOST)";
				CODE_SIGN_STYLE = Automatic;
				INFOPLIST_FILE = JSToolLibraryTests/Info.plist;
				LD_RUNPATH_SEARCH_PATHS = (
					"$(inherited)",
					"@executable_path/Frameworks",
					"@loader_path/Frameworks",
				);
				PRODUCT_BUNDLE_IDENTIFIER = com.shijiyuan.JSToolLibraryTests;
				PRODUCT_NAME = "$(TARGET_NAME)";
				TARGETED_DEVICE_FAMILY = "1,2";
				TEST_HOST = "$(BUILT_PRODUCTS_DIR)/JSToolLibrary.app/JSToolLibrary";
			};
			name = Debug;
		};
		BFFE6BEE2189A31200E4AA00 /* Release */ = {
			isa = XCBuildConfiguration;
			baseConfigurationReference = 38E1DB452DCB325B07A20383 /* Pods-JSToolLibraryTests.release.xcconfig */;
			buildSettings = {
				BUNDLE_LOADER = "$(TEST_HOST)";
				CODE_SIGN_STYLE = Automatic;
				INFOPLIST_FILE = JSToolLibraryTests/Info.plist;
				LD_RUNPATH_SEARCH_PATHS = (
					"$(inherited)",
					"@executable_path/Frameworks",
					"@loader_path/Frameworks",
				);
				PRODUCT_BUNDLE_IDENTIFIER = com.shijiyuan.JSToolLibraryTests;
				PRODUCT_NAME = "$(TARGET_NAME)";
				TARGETED_DEVICE_FAMILY = "1,2";
				TEST_HOST = "$(BUILT_PRODUCTS_DIR)/JSToolLibrary.app/JSToolLibrary";
			};
			name = Release;
		};
		BFFE6BF02189A31200E4AA00 /* Debug */ = {
			isa = XCBuildConfiguration;
			buildSettings = {
				CODE_SIGN_STYLE = Automatic;
				INFOPLIST_FILE = JSToolLibraryUITests/Info.plist;
				LD_RUNPATH_SEARCH_PATHS = (
					"$(inherited)",
					"@executable_path/Frameworks",
					"@loader_path/Frameworks",
				);
				PRODUCT_BUNDLE_IDENTIFIER = com.shijiyuan.JSToolLibraryUITests;
				PRODUCT_NAME = "$(TARGET_NAME)";
				TARGETED_DEVICE_FAMILY = "1,2";
				TEST_TARGET_NAME = JSToolLibrary;
			};
			name = Debug;
		};
		BFFE6BF12189A31200E4AA00 /* Release */ = {
			isa = XCBuildConfiguration;
			buildSettings = {
				CODE_SIGN_STYLE = Automatic;
				INFOPLIST_FILE = JSToolLibraryUITests/Info.plist;
				LD_RUNPATH_SEARCH_PATHS = (
					"$(inherited)",
					"@executable_path/Frameworks",
					"@loader_path/Frameworks",
				);
				PRODUCT_BUNDLE_IDENTIFIER = com.shijiyuan.JSToolLibraryUITests;
				PRODUCT_NAME = "$(TARGET_NAME)";
				TARGETED_DEVICE_FAMILY = "1,2";
				TEST_TARGET_NAME = JSToolLibrary;
			};
			name = Release;
		};
/* End XCBuildConfiguration section */

/* Begin XCConfigurationList section */
		BFFE6BB52189A30F00E4AA00 /* Build configuration list for PBXProject "JSToolLibrary" */ = {
			isa = XCConfigurationList;
			buildConfigurations = (
				BFFE6BE72189A31200E4AA00 /* Debug */,
				BFFE6BE82189A31200E4AA00 /* Release */,
			);
			defaultConfigurationIsVisible = 0;
			defaultConfigurationName = Release;
		};
		BFFE6BE92189A31200E4AA00 /* Build configuration list for PBXNativeTarget "JSToolLibrary" */ = {
			isa = XCConfigurationList;
			buildConfigurations = (
				BFFE6BEA2189A31200E4AA00 /* Debug */,
				BFFE6BEB2189A31200E4AA00 /* Release */,
			);
			defaultConfigurationIsVisible = 0;
			defaultConfigurationName = Release;
		};
		BFFE6BEC2189A31200E4AA00 /* Build configuration list for PBXNativeTarget "JSToolLibraryTests" */ = {
			isa = XCConfigurationList;
			buildConfigurations = (
				BFFE6BED2189A31200E4AA00 /* Debug */,
				BFFE6BEE2189A31200E4AA00 /* Release */,
			);
			defaultConfigurationIsVisible = 0;
			defaultConfigurationName = Release;
		};
		BFFE6BEF2189A31200E4AA00 /* Build configuration list for PBXNativeTarget "JSToolLibraryUITests" */ = {
			isa = XCConfigurationList;
			buildConfigurations = (
				BFFE6BF02189A31200E4AA00 /* Debug */,
				BFFE6BF12189A31200E4AA00 /* Release */,
			);
			defaultConfigurationIsVisible = 0;
			defaultConfigurationName = Release;
		};
/* End XCConfigurationList section */
	};
	rootObject = BFFE6BB22189A30F00E4AA00 /* Project object */;
}
